
Microsoft Visual Studio Solution File, Format Version 12.00
# Visual Studio Version 17
VisualStudioVersion = 17.3.32811.315
MinimumVisualStudioVersion = 10.0.40219.1
Project("{FAE04EC0-301F-11D3-BF4B-00C04F79EFBC}") = "MatchGame", "MatchGame\MatchGame.csproj", "{D931E6A9-D6E2-41BF-895E-41ED948B02FD}"
EndProject
Global
	GlobalSection(SolutionConfigurationPlatforms) = preSolution
		Debug|Any CPU = Debug|Any CPU
		Release|Any CPU = Release|Any CPU
	EndGlobalSection
	GlobalSection(ProjectConfigurationPlatforms) = postSolution
		{D931E6A9-D6E2-41BF-895E-41ED948B02FD}.Debug|Any CPU.ActiveCfg = Debug|Any CPU
		{D931E6A9-D6E2-41BF-895E-41ED948B02FD}.Debug|Any CPU.Build.0 = Debug|Any CPU
		{D931E6A9-D6E2-41BF-895E-41ED948B02FD}.Release|Any CPU.ActiveCfg = Release|Any CPU
		{D931E6A9-D6E2-41BF-895E-41ED948B02FD}.Release|Any CPU.Build.0 = Release|Any CPU
	EndGlobalSection
	GlobalSection(SolutionProperties) = preSolution
		HideSolutionNode = FALSE
	EndGlobalSection
	GlobalSection(ExtensibilityGlobals) = postSolution
		SolutionGuid = {C94AE6DA-140F-490B-AA7F-D211A1B49E58}
	EndGlobalSection
EndGlobal
